
Microsoft Visual Studio Solution File, Format Version 12.00
# Visual Studio Version 17
VisualStudioVersion = 17.5.33502.453
MinimumVisualStudioVersion = 10.0.40219.1
Project("{9A19103F-16F7-4668-BE54-9A1E7A4F7556}") = "ConsoleApp", "ConsoleApp\ConsoleApp.csproj", "{9FDADD51-0B6D-4640-8EFE-060699288402}"
EndProject
Project("{9A19103F-16F7-4668-BE54-9A1E7A4F7556}") = "FirstWebApp", "FirstWebApp\FirstWebApp.csproj", "{4A875F0A-7F33-4EB3-ADE8-D75C909BCAE4}"
EndProject
Project("{FAE04EC0-301F-11D3-BF4B-00C04F79EFBC}") = "FirstWebAPI", "FirstWebAPI\FirstWebAPI.csproj", "{B3BE0CDD-E6D2-437C-8556-8CD510E88CFE}"
EndProject
Global
	GlobalSection(SolutionConfigurationPlatforms) = preSolution
		Debug|Any CPU = Debug|Any CPU
		Release|Any CPU = Release|Any CPU
	EndGlobalSection
	GlobalSection(ProjectConfigurationPlatforms) = postSolution
		{9FDADD51-0B6D-4640-8EFE-060699288402}.Debug|Any CPU.ActiveCfg = Debug|Any CPU
		{9FDADD51-0B6D-4640-8EFE-060699288402}.Debug|Any CPU.Build.0 = Debug|Any CPU
		{9FDADD51-0B6D-4640-8EFE-060699288402}.Release|Any CPU.ActiveCfg = Release|Any CPU
		{9FDADD51-0B6D-4640-8EFE-060699288402}.Release|Any CPU.Build.0 = Release|Any CPU
		{4A875F0A-7F33-4EB3-ADE8-D75C909BCAE4}.Debug|Any CPU.ActiveCfg = Debug|Any CPU
		{4A875F0A-7F33-4EB3-ADE8-D75C909BCAE4}.Debug|Any CPU.Build.0 = Debug|Any CPU
		{4A875F0A-7F33-4EB3-ADE8-D75C909BCAE4}.Release|Any CPU.ActiveCfg = Release|Any CPU
		{4A875F0A-7F33-4EB3-ADE8-D75C909BCAE4}.Release|Any CPU.Build.0 = Release|Any CPU
		{B3BE0CDD-E6D2-437C-8556-8CD510E88CFE}.Debug|Any CPU.ActiveCfg = Debug|Any CPU
		{B3BE0CDD-E6D2-437C-8556-8CD510E88CFE}.Debug|Any CPU.Build.0 = Debug|Any CPU
		{B3BE0CDD-E6D2-437C-8556-8CD510E88CFE}.Release|Any CPU.ActiveCfg = Release|Any CPU
		{B3BE0CDD-E6D2-437C-8556-8CD510E88CFE}.Release|Any CPU.Build.0 = Release|Any CPU
	EndGlobalSection
	GlobalSection(SolutionProperties) = preSolution
		HideSolutionNode = FALSE
	EndGlobalSection
	GlobalSection(ExtensibilityGlobals) = postSolution
		SolutionGuid = {A20A7D97-0979-4573-9379-D61D7ED4261F}
	EndGlobalSection
EndGlobal
